
Microsoft Visual Studio Solution File, Format Version 12.00
# Visual Studio Version 17
VisualStudioVersion = 17.4.33213.308
MinimumVisualStudioVersion = 10.0.40219.1
Project("{2150E333-8FDC-42A3-9474-1A3956D46DE8}") = "src", "src", "{259B3EA1-957C-4B4A-A1D2-0B5A54C68B93}"
EndProject
Project("{2150E333-8FDC-42A3-9474-1A3956D46DE8}") = "ApiGateway", "ApiGateway", "{50D860C8-F14D-466F-95F8-CDCFCC7A36A7}"
EndProject
Project("{2150E333-8FDC-42A3-9474-1A3956D46DE8}") = "Services", "Services", "{BA44C1D2-143F-441C-A8DA-3F14C49FFFF7}"
EndProject
Project("{2150E333-8FDC-42A3-9474-1A3956D46DE8}") = "WebApp", "WebApp", "{CF2B818A-AAE3-42B4-848D-62B5743394EC}"
EndProject
Project("{9A19103F-16F7-4668-BE54-9A1E7A4F7556}") = "Auction.Products", "src\Services\Products\Auction.Products\Auction.Products.csproj", "{6BD3AB7D-E69F-4949-8D98-1B1C84958517}"
EndProject
Project("{2150E333-8FDC-42A3-9474-1A3956D46DE8}") = "Produts", "Produts", "{63758339-62FE-40E1-BB7D-6BBCC98E04C6}"
EndProject
Project("{2150E333-8FDC-42A3-9474-1A3956D46DE8}") = "Common", "Common", "{5D47FB21-17C3-4309-97CB-F051C9D3A25C}"
EndProject
Project("{2150E333-8FDC-42A3-9474-1A3956D46DE8}") = "Order", "Order", "{8F4FB223-97AE-468F-A084-3283BAD0E5BF}"
EndProject
Project("{2150E333-8FDC-42A3-9474-1A3956D46DE8}") = "Sourcing", "Sourcing", "{BA2BC8F4-52CE-4A72-9EA2-354CF992EC06}"
EndProject
Project("{2150E333-8FDC-42A3-9474-1A3956D46DE8}") = "Solution Items", "Solution Items", "{CD918146-A29E-40D9-B664-4BADEA8B3AF6}"
	ProjectSection(SolutionItems) = preProject
		README.md = README.md
	EndProjectSection
EndProject
Project("{E53339B2-1760-4266-BCC7-CA923CBCF16C}") = "docker-compose", "docker-compose.dcproj", "{F31D5D1C-2235-495D-A5AA-BD313FA0DE91}"
EndProject
Project("{9A19103F-16F7-4668-BE54-9A1E7A4F7556}") = "Auction.Sourcing", "Auction.Sourcing\Auction.Sourcing.csproj", "{A6925823-C2F1-4AC5-A2E2-5B380CD41B6F}"
EndProject
Project("{2150E333-8FDC-42A3-9474-1A3956D46DE8}") = "Common", "Common", "{CED3E047-9AF2-4434-892C-E6625CAAECEE}"
EndProject
Project("{9A19103F-16F7-4668-BE54-9A1E7A4F7556}") = "EventBusRabbitMQ", "src\Common\EventBusRabbitMQ\EventBusRabbitMQ.csproj", "{AD1BEAE7-54AD-4350-946D-531F3ACA6D68}"
EndProject
Project("{FAE04EC0-301F-11D3-BF4B-00C04F79EFBC}") = "Auction.Order", "src\Services\Order\Auction.Order\Auction.Order.csproj", "{4F107D9A-9E1E-444F-8466-F9194C3131DE}"
EndProject
Project("{FAE04EC0-301F-11D3-BF4B-00C04F79EFBC}") = "Ordering.Domain", "src\Services\Order\Ordering.Domain\Ordering.Domain.csproj", "{46772D57-892D-4738-8337-6BB03D07B68B}"
EndProject
Project("{FAE04EC0-301F-11D3-BF4B-00C04F79EFBC}") = "Ordering.Application", "src\Services\Order\Ordering.Application\Ordering.Application.csproj", "{25627207-244D-4E43-BB83-8AA09937EED9}"
EndProject
Project("{FAE04EC0-301F-11D3-BF4B-00C04F79EFBC}") = "Ordering.Infrastructure", "src\Services\Order\Ordering.Infrastructure\Ordering.Infrastructure.csproj", "{97F7EFEB-B318-4BF1-B285-7E8FC6B0A866}"
EndProject
Global
	GlobalSection(SolutionConfigurationPlatforms) = preSolution
		Debug|Any CPU = Debug|Any CPU
		Release|Any CPU = Release|Any CPU
	EndGlobalSection
	GlobalSection(ProjectConfigurationPlatforms) = postSolution
		{6BD3AB7D-E69F-4949-8D98-1B1C84958517}.Debug|Any CPU.ActiveCfg = Debug|Any CPU
		{6BD3AB7D-E69F-4949-8D98-1B1C84958517}.Debug|Any CPU.Build.0 = Debug|Any CPU
		{6BD3AB7D-E69F-4949-8D98-1B1C84958517}.Release|Any CPU.ActiveCfg = Release|Any CPU
		{6BD3AB7D-E69F-4949-8D98-1B1C84958517}.Release|Any CPU.Build.0 = Release|Any CPU
		{F31D5D1C-2235-495D-A5AA-BD313FA0DE91}.Debug|Any CPU.ActiveCfg = Debug|Any CPU
		{F31D5D1C-2235-495D-A5AA-BD313FA0DE91}.Debug|Any CPU.Build.0 = Debug|Any CPU
		{F31D5D1C-2235-495D-A5AA-BD313FA0DE91}.Release|Any CPU.ActiveCfg = Release|Any CPU
		{F31D5D1C-2235-495D-A5AA-BD313FA0DE91}.Release|Any CPU.Build.0 = Release|Any CPU
		{A6925823-C2F1-4AC5-A2E2-5B380CD41B6F}.Debug|Any CPU.ActiveCfg = Debug|Any CPU
		{A6925823-C2F1-4AC5-A2E2-5B380CD41B6F}.Debug|Any CPU.Build.0 = Debug|Any CPU
		{A6925823-C2F1-4AC5-A2E2-5B380CD41B6F}.Release|Any CPU.ActiveCfg = Release|Any CPU
		{A6925823-C2F1-4AC5-A2E2-5B380CD41B6F}.Release|Any CPU.Build.0 = Release|Any CPU
		{AD1BEAE7-54AD-4350-946D-531F3ACA6D68}.Debug|Any CPU.ActiveCfg = Debug|Any CPU
		{AD1BEAE7-54AD-4350-946D-531F3ACA6D68}.Debug|Any CPU.Build.0 = Debug|Any CPU
		{AD1BEAE7-54AD-4350-946D-531F3ACA6D68}.Release|Any CPU.ActiveCfg = Release|Any CPU
		{AD1BEAE7-54AD-4350-946D-531F3ACA6D68}.Release|Any CPU.Build.0 = Release|Any CPU
		{4F107D9A-9E1E-444F-8466-F9194C3131DE}.Debug|Any CPU.ActiveCfg = Debug|Any CPU
		{4F107D9A-9E1E-444F-8466-F9194C3131DE}.Debug|Any CPU.Build.0 = Debug|Any CPU
		{4F107D9A-9E1E-444F-8466-F9194C3131DE}.Release|Any CPU.ActiveCfg = Release|Any CPU
		{4F107D9A-9E1E-444F-8466-F9194C3131DE}.Release|Any CPU.Build.0 = Release|Any CPU
		{46772D57-892D-4738-8337-6BB03D07B68B}.Debug|Any CPU.ActiveCfg = Debug|Any CPU
		{46772D57-892D-4738-8337-6BB03D07B68B}.Debug|Any CPU.Build.0 = Debug|Any CPU
		{46772D57-892D-4738-8337-6BB03D07B68B}.Release|Any CPU.ActiveCfg = Release|Any CPU
		{46772D57-892D-4738-8337-6BB03D07B68B}.Release|Any CPU.Build.0 = Release|Any CPU
		{25627207-244D-4E43-BB83-8AA09937EED9}.Debug|Any CPU.ActiveCfg = Debug|Any CPU
		{25627207-244D-4E43-BB83-8AA09937EED9}.Debug|Any CPU.Build.0 = Debug|Any CPU
		{25627207-244D-4E43-BB83-8AA09937EED9}.Release|Any CPU.ActiveCfg = Release|Any CPU
		{25627207-244D-4E43-BB83-8AA09937EED9}.Release|Any CPU.Build.0 = Release|Any CPU
		{97F7EFEB-B318-4BF1-B285-7E8FC6B0A866}.Debug|Any CPU.ActiveCfg = Debug|Any CPU
		{97F7EFEB-B318-4BF1-B285-7E8FC6B0A866}.Debug|Any CPU.Build.0 = Debug|Any CPU
		{97F7EFEB-B318-4BF1-B285-7E8FC6B0A866}.Release|Any CPU.ActiveCfg = Release|Any CPU
		{97F7EFEB-B318-4BF1-B285-7E8FC6B0A866}.Release|Any CPU.Build.0 = Release|Any CPU
	EndGlobalSection
	GlobalSection(SolutionProperties) = preSolution
		HideSolutionNode = FALSE
	EndGlobalSection
	GlobalSection(NestedProjects) = preSolution
		{50D860C8-F14D-466F-95F8-CDCFCC7A36A7} = {259B3EA1-957C-4B4A-A1D2-0B5A54C68B93}
		{BA44C1D2-143F-441C-A8DA-3F14C49FFFF7} = {259B3EA1-957C-4B4A-A1D2-0B5A54C68B93}
		{CF2B818A-AAE3-42B4-848D-62B5743394EC} = {259B3EA1-957C-4B4A-A1D2-0B5A54C68B93}
		{6BD3AB7D-E69F-4949-8D98-1B1C84958517} = {63758339-62FE-40E1-BB7D-6BBCC98E04C6}
		{63758339-62FE-40E1-BB7D-6BBCC98E04C6} = {BA44C1D2-143F-441C-A8DA-3F14C49FFFF7}
		{5D47FB21-17C3-4309-97CB-F051C9D3A25C} = {BA44C1D2-143F-441C-A8DA-3F14C49FFFF7}
		{8F4FB223-97AE-468F-A084-3283BAD0E5BF} = {BA44C1D2-143F-441C-A8DA-3F14C49FFFF7}
		{BA2BC8F4-52CE-4A72-9EA2-354CF992EC06} = {BA44C1D2-143F-441C-A8DA-3F14C49FFFF7}
		{A6925823-C2F1-4AC5-A2E2-5B380CD41B6F} = {BA2BC8F4-52CE-4A72-9EA2-354CF992EC06}
		{CED3E047-9AF2-4434-892C-E6625CAAECEE} = {259B3EA1-957C-4B4A-A1D2-0B5A54C68B93}
		{AD1BEAE7-54AD-4350-946D-531F3ACA6D68} = {CED3E047-9AF2-4434-892C-E6625CAAECEE}
		{4F107D9A-9E1E-444F-8466-F9194C3131DE} = {8F4FB223-97AE-468F-A084-3283BAD0E5BF}
		{46772D57-892D-4738-8337-6BB03D07B68B} = {8F4FB223-97AE-468F-A084-3283BAD0E5BF}
		{25627207-244D-4E43-BB83-8AA09937EED9} = {8F4FB223-97AE-468F-A084-3283BAD0E5BF}
		{97F7EFEB-B318-4BF1-B285-7E8FC6B0A866} = {8F4FB223-97AE-468F-A084-3283BAD0E5BF}
	EndGlobalSection
	GlobalSection(ExtensibilityGlobals) = postSolution
		SolutionGuid = {CF4A6AA3-BF62-4E6B-B7AE-435928FD9DEE}
	EndGlobalSection
EndGlobal
